# THIS IS AN AUTOGENERATED FILE. DO NOT EDIT THIS FILE DIRECTLY.
# yarn lockfile v1


"@splidejs/splide@^2.4.21":
  version "2.4.21"
  resolved "https://registry.yarnpkg.com/@splidejs/splide/-/splide-2.4.21.tgz#ad1954d8d8822c9bfea0d3dc6a119358b88581ad"
  integrity sha512-LdIwSnmNsGybCCnA3QG2dOeRv/rQl46jf7FflXxMGX0ADYWyL6UJHWJbMZvHBi5I67uRJY1ga/W+CvJ39nH26A==
